
Microsoft Visual Studio Solution File, Format Version 12.00
# Visual Studio Version 16
VisualStudioVersion = 16.0.30804.86
MinimumVisualStudioVersion = 10.0.40219.1
Project("{FAE04EC0-301F-11D3-BF4B-00C04F79EFBC}") = "IssueTrackerApp2", "IssueTrackerApp2.csproj", "{36BBB339-B003-49C7-B3C1-22AFC6D937B6}"
EndProject
Global
	GlobalSection(SolutionConfigurationPlatforms) = preSolution
		Debug|Any CPU = Debug|Any CPU
		Release|Any CPU = Release|Any CPU
	EndGlobalSection
	GlobalSection(ProjectConfigurationPlatforms) = postSolution
		{36BBB339-B003-49C7-B3C1-22AFC6D937B6}.Debug|Any CPU.ActiveCfg = Debug|Any CPU
		{36BBB339-B003-49C7-B3C1-22AFC6D937B6}.Debug|Any CPU.Build.0 = Debug|Any CPU
		{36BBB339-B003-49C7-B3C1-22AFC6D937B6}.Release|Any CPU.ActiveCfg = Release|Any CPU
		{36BBB339-B003-49C7-B3C1-22AFC6D937B6}.Release|Any CPU.Build.0 = Release|Any CPU
	EndGlobalSection
	GlobalSection(SolutionProperties) = preSolution
		HideSolutionNode = FALSE
	EndGlobalSection
	GlobalSection(ExtensibilityGlobals) = postSolution
		SolutionGuid = {25A2FAF7-AD16-4DE5-BBA2-FD4D8F250C21}
	EndGlobalSection
EndGlobal
